// !$*UTF8*$!
{
	archiveVersion = 1;
	classes = {
	};
	objectVersion = 46;
	objects = {

/* Begin PBXBuildFile section */
		716690AA1EDEB2350068A029 /* AppDelegate.swift in Sources */ = {isa = PBXBuildFile; fileRef = 716690A91EDEB2350068A029 /* AppDelegate.swift */; };
		716690AF1EDEB2350068A029 /* Main.storyboard in Resources */ = {isa = PBXBuildFile; fileRef = 716690AD1EDEB2350068A029 /* Main.storyboard */; };
		716690B11EDEB2350068A029 /* Assets.xcassets in Resources */ = {isa = PBXBuildFile; fileRef = 716690B01EDEB2350068A029 /* Assets.xcassets */; };
		716690B41EDEB2350068A029 /* LaunchScreen.storyboard in Resources */ = {isa = PBXBuildFile; fileRef = 716690B21EDEB2350068A029 /* LaunchScreen.storyboard */; };
		716690C31EDEB4E90068A029 /* EstimoteSDK.framework in Frameworks */ = {isa = PBXBuildFile; fileRef = 716690C21EDEB4E90068A029 /* EstimoteSDK.framework */; };
		716690C91EDEC02B0068A029 /* ViewControllerOutput.swift in Sources */ = {isa = PBXBuildFile; fileRef = 716690C81EDEC02B0068A029 /* ViewControllerOutput.swift */; };
		716690CB1EDEC03B0068A029 /* ViewControllerInput.swift in Sources */ = {isa = PBXBuildFile; fileRef = 716690CA1EDEC03B0068A029 /* ViewControllerInput.swift */; };
/* End PBXBuildFile section */

/* Begin PBXFileReference section */
		716690A61EDEB2350068A029 /* GPIO.app */ = {isa = PBXFileReference; explicitFileType = wrapper.application; includeInIndex = 0; path = GPIO.app; sourceTree = BUILT_PRODUCTS_DIR; };
		716690A91EDEB2350068A029 /* AppDelegate.swift */ = {isa = PBXFileReference; lastKnownFileType = sourcecode.swift; path = AppDelegate.swift; sourceTree = "<group>"; };
		716690AE1EDEB2350068A029 /* Base */ = {isa = PBXFileReference; lastKnownFileType = file.storyboard; name = Base; path = Base.lproj/Main.storyboard; sourceTree = "<group>"; };
		716690B01EDEB2350068A029 /* Assets.xcassets */ = {isa = PBXFileReference; lastKnownFileType = folder.assetcatalog; path = Assets.xcassets; sourceTree = "<group>"; };
		716690B31EDEB2350068A029 /* Base */ = {isa = PBXFileReference; lastKnownFileType = file.storyboard; name = Base; path = Base.lproj/LaunchScreen.storyboard; sourceTree = "<group>"; };
		716690B51EDEB2350068A029 /* Info.plist */ = {isa = PBXFileReference; lastKnownFileType = text.plist.xml; path = Info.plist; sourceTree = "<group>"; };
		716690C21EDEB4E90068A029 /* EstimoteSDK.framework */ = {isa = PBXFileReference; lastKnownFileType = wrapper.framework; name = EstimoteSDK.framework; path = ../../../../EstimoteSDK/EstimoteSDK.framework; sourceTree = "<group>"; };
		716690C41EDEB5060068A029 /* ObjCBridge.h */ = {isa = PBXFileReference; lastKnownFileType = sourcecode.c.h; path = ObjCBridge.h; sourceTree = "<group>"; };
		716690C81EDEC02B0068A029 /* ViewControllerOutput.swift */ = {isa = PBXFileReference; fileEncoding = 4; lastKnownFileType = sourcecode.swift; path = ViewControllerOutput.swift; sourceTree = "<group>"; };
		716690CA1EDEC03B0068A029 /* ViewControllerInput.swift */ = {isa = PBXFileReference; fileEncoding = 4; lastKnownFileType = sourcecode.swift; path = ViewControllerInput.swift; sourceTree = "<group>"; };
/* End PBXFileReference section */

/* Begin PBXFrameworksBuildPhase section */
		716690A31EDEB2350068A029 /* Frameworks */ = {
			isa = PBXFrameworksBuildPhase;
			buildActionMask = 2147483647;
			files = (
				716690C31EDEB4E90068A029 /* EstimoteSDK.framework in Frameworks */,
			);
			runOnlyForDeploymentPostprocessing = 0;
		};
/* End PBXFrameworksBuildPhase section */

/* Begin PBXGroup section */
		7166909D1EDEB2350068A029 = {
			isa = PBXGroup;
			children = (
				716690A81EDEB2350068A029 /* GPIO */,
				716690A71EDEB2350068A029 /* Products */,
			);
			sourceTree = "<group>";
		};
		716690A71EDEB2350068A029 /* Products */ = {
			isa = PBXGroup;
			children = (
				716690A61EDEB2350068A029 /* GPIO.app */,
			);
			name = Products;
			sourceTree = "<group>";
		};
		716690A81EDEB2350068A029 /* GPIO */ = {
			isa = PBXGroup;
			children = (
				716690BC1EDEB37A0068A029 /* ViewControllers */,
				716690C51EDEB52C0068A029 /* HeaderFiles */,
				716690A91EDEB2350068A029 /* AppDelegate.swift */,
				716690AD1EDEB2350068A029 /* Main.storyboard */,
				716690B01EDEB2350068A029 /* Assets.xcassets */,
				716690B21EDEB2350068A029 /* LaunchScreen.storyboard */,
				716690B51EDEB2350068A029 /* Info.plist */,
				716690C21EDEB4E90068A029 /* EstimoteSDK.framework */,
			);
			path = GPIO;
			sourceTree = "<group>";
		};
		716690BC1EDEB37A0068A029 /* ViewControllers */ = {
			isa = PBXGroup;
			children = (
				716690C81EDEC02B0068A029 /* ViewControllerOutput.swift */,
				716690CA1EDEC03B0068A029 /* ViewControllerInput.swift */,
			);
			name = ViewControllers;
			sourceTree = "<group>";
		};
		716690C51EDEB52C0068A029 /* HeaderFiles */ = {
			isa = PBXGroup;
			children = (
				716690C41EDEB5060068A029 /* ObjCBridge.h */,
			);
			name = HeaderFiles;
			sourceTree = "<group>";
		};
/* End PBXGroup section */

/* Begin PBXNativeTarget section */
		716690A51EDEB2350068A029 /* GPIO */ = {
			isa = PBXNativeTarget;
			buildConfigurationList = 716690B81EDEB2350068A029 /* Build configuration list for PBXNativeTarget "GPIO" */;
			buildPhases = (
				716690A21EDEB2350068A029 /* Sources */,
				716690A31EDEB2350068A029 /* Frameworks */,
				716690A41EDEB2350068A029 /* Resources */,
			);
			buildRules = (
			);
			dependencies = (
			);
			name = GPIO;
			productName = GPIO;
			productReference = 716690A61EDEB2350068A029 /* GPIO.app */;
			productType = "com.apple.product-type.application";
		};
/* End PBXNativeTarget section */

/* Begin PBXProject section */
		7166909E1EDEB2350068A029 /* Project object */ = {
			isa = PBXProject;
			attributes = {
				LastSwiftUpdateCheck = 0830;
				LastUpgradeCheck = 0830;
				ORGANIZATIONNAME = Konrad;
				TargetAttributes = {
					716690A51EDEB2350068A029 = {
						CreatedOnToolsVersion = 8.3.1;
						ProvisioningStyle = Automatic;
					};
				};
			};
			buildConfigurationList = 716690A11EDEB2350068A029 /* Build configuration list for PBXProject "GPIO" */;
			compatibilityVersion = "Xcode 3.2";
			developmentRegion = English;
			hasScannedForEncodings = 0;
			knownRegions = (
				en,
				Base,
			);
			mainGroup = 7166909D1EDEB2350068A029;
			productRefGroup = 716690A71EDEB2350068A029 /* Products */;
			projectDirPath = "";
			projectRoot = "";
			targets = (
				716690A51EDEB2350068A029 /* GPIO */,
			);
		};
/* End PBXProject section */

/* Begin PBXResourcesBuildPhase section */
		716690A41EDEB2350068A029 /* Resources */ = {
			isa = PBXResourcesBuildPhase;
			buildActionMask = 2147483647;
			files = (
				716690B41EDEB2350068A029 /* LaunchScreen.storyboard in Resources */,
				716690B11EDEB2350068A029 /* Assets.xcassets in Resources */,
				716690AF1EDEB2350068A029 /* Main.storyboard in Resources */,
			);
			runOnlyForDeploymentPostprocessing = 0;
		};
/* End PBXResourcesBuildPhase section */

/* Begin PBXSourcesBuildPhase section */
		716690A21EDEB2350068A029 /* Sources */ = {
			isa = PBXSourcesBuildPhase;
			buildActionMask = 2147483647;
			files = (
				716690AA1EDEB2350068A029 /* AppDelegate.swift in Sources */,
				716690C91EDEC02B0068A029 /* ViewControllerOutput.swift in Sources */,
				716690CB1EDEC03B0068A029 /* ViewControllerInput.swift in Sources */,
			);
			runOnlyForDeploymentPostprocessing = 0;
		};
/* End PBXSourcesBuildPhase section */

/* Begin PBXVariantGroup section */
		716690AD1EDEB2350068A029 /* Main.storyboard */ = {
			isa = PBXVariantGroup;
			children = (
				716690AE1EDEB2350068A029 /* Base */,
			);
			name = Main.storyboard;
			sourceTree = "<group>";
		};
		716690B21EDEB2350068A029 /* LaunchScreen.storyboard */ = {
			isa = PBXVariantGroup;
			children = (
				716690B31EDEB2350068A029 /* Base */,
			);
			name = LaunchScreen.storyboard;
			sourceTree = "<group>";
		};
/* End PBXVariantGroup section */

/* Begin XCBuildConfiguration section */
		716690B61EDEB2350068A029 /* Debug */ = {
			isa = XCBuildConfiguration;
			buildSettings = {
				ALWAYS_SEARCH_USER_PATHS = NO;
				CLANG_ANALYZER_NONNULL = YES;
				CLANG_ANALYZER_NUMBER_OBJECT_CONVERSION = YES_AGGRESSIVE;
				CLANG_CXX_LANGUAGE_STANDARD = "gnu++0x";
				CLANG_CXX_LIBRARY = "libc++";
				CLANG_ENABLE_MODULES = YES;
				CLANG_ENABLE_OBJC_ARC = YES;
				CLANG_WARN_BOOL_CONVERSION = YES;
				CLANG_WARN_CONSTANT_CONVERSION = YES;
				CLANG_WARN_DIRECT_OBJC_ISA_USAGE = YES_ERROR;
				CLANG_WARN_DOCUMENTATION_COMMENTS = YES;
				CLANG_WARN_EMPTY_BODY = YES;
				CLANG_WARN_ENUM_CONVERSION = YES;
				CLANG_WARN_INFINITE_RECURSION = YES;
				CLANG_WARN_INT_CONVERSION = YES;
				CLANG_WARN_OBJC_ROOT_CLASS = YES_ERROR;
				CLANG_WARN_SUSPICIOUS_MOVE = YES;
				CLANG_WARN_UNREACHABLE_CODE = YES;
				CLANG_WARN__DUPLICATE_METHOD_MATCH = YES;
				"CODE_SIGN_IDENTITY[sdk=iphoneos*]" = "iPhone Developer";
				COPY_PHASE_STRIP = NO;
				DEBUG_INFORMATION_FORMAT = dwarf;
				ENABLE_STRICT_OBJC_MSGSEND = YES;
				ENABLE_TESTABILITY = YES;
				GCC_C_LANGUAGE_STANDARD = gnu99;
				GCC_DYNAMIC_NO_PIC = NO;
				GCC_NO_COMMON_BLOCKS = YES;
				GCC_OPTIMIZATION_LEVEL = 0;
				GCC_PREPROCESSOR_DEFINITIONS = (
					"DEBUG=1",
					"$(inherited)",
				);
				GCC_WARN_64_TO_32_BIT_CONVERSION = YES;
				GCC_WARN_ABOUT_RETURN_TYPE = YES_ERROR;
				GCC_WARN_UNDECLARED_SELECTOR = YES;
				GCC_WARN_UNINITIALIZED_AUTOS = YES_AGGRESSIVE;
				GCC_WARN_UNUSED_FUNCTION = YES;
				GCC_WARN_UNUSED_VARIABLE = YES;
				IPHONEOS_DEPLOYMENT_TARGET = 10.3;
				MTL_ENABLE_DEBUG_INFO = YES;
				ONLY_ACTIVE_ARCH = YES;
				SDKROOT = iphoneos;
				SWIFT_ACTIVE_COMPILATION_CONDITIONS = DEBUG;
				SWIFT_OPTIMIZATION_LEVEL = "-Onone";
				TARGETED_DEVICE_FAMILY = "1,2";
			};
			name = Debug;
		};
		716690B71EDEB2350068A029 /* Release */ = {
			isa = XCBuildConfiguration;
			buildSettings = {
				ALWAYS_SEARCH_USER_PATHS = NO;
				CLANG_ANALYZER_NONNULL = YES;
				CLANG_ANALYZER_NUMBER_OBJECT_CONVERSION = YES_AGGRESSIVE;
				CLANG_CXX_LANGUAGE_STANDARD = "gnu++0x";
				CLANG_CXX_LIBRARY = "libc++";
				CLANG_ENABLE_MODULES = YES;
				CLANG_ENABLE_OBJC_ARC = YES;
				CLANG_WARN_BOOL_CONVERSION = YES;
				CLANG_WARN_CONSTANT_CONVERSION = YES;
				CLANG_WARN_DIRECT_OBJC_ISA_USAGE = YES_ERROR;
				CLANG_WARN_DOCUMENTATION_COMMENTS = YES;
				CLANG_WARN_EMPTY_BODY = YES;
				CLANG_WARN_ENUM_CONVERSION = YES;
				CLANG_WARN_INFINITE_RECURSION = YES;
				CLANG_WARN_INT_CONVERSION = YES;
				CLANG_WARN_OBJC_ROOT_CLASS = YES_ERROR;
				CLANG_WARN_SUSPICIOUS_MOVE = YES;
				CLANG_WARN_UNREACHABLE_CODE = YES;
				CLANG_WARN__DUPLICATE_METHOD_MATCH = YES;
				"CODE_SIGN_IDENTITY[sdk=iphoneos*]" = "iPhone Developer";
				COPY_PHASE_STRIP = NO;
				DEBUG_INFORMATION_FORMAT = "dwarf-with-dsym";
				ENABLE_NS_ASSERTIONS = NO;
				ENABLE_STRICT_OBJC_MSGSEND = YES;
				GCC_C_LANGUAGE_STANDARD = gnu99;
				GCC_NO_COMMON_BLOCKS = YES;
				GCC_WARN_64_TO_32_BIT_CONVERSION = YES;
				GCC_WARN_ABOUT_RETURN_TYPE = YES_ERROR;
				GCC_WARN_UNDECLARED_SELECTOR = YES;
				GCC_WARN_UNINITIALIZED_AUTOS = YES_AGGRESSIVE;
				GCC_WARN_UNUSED_FUNCTION = YES;
				GCC_WARN_UNUSED_VARIABLE = YES;
				IPHONEOS_DEPLOYMENT_TARGET = 10.3;
				MTL_ENABLE_DEBUG_INFO = NO;
				SDKROOT = iphoneos;
				SWIFT_OPTIMIZATION_LEVEL = "-Owholemodule";
				TARGETED_DEVICE_FAMILY = "1,2";
				VALIDATE_PRODUCT = YES;
			};
			name = Release;
		};
		716690B91EDEB2350068A029 /* Debug */ = {
			isa = XCBuildConfiguration;
			buildSettings = {
				ASSETCATALOG_COMPILER_APPICON_NAME = AppIcon;
				DEVELOPMENT_TEAM = "";
				FRAMEWORK_SEARCH_PATHS = (
					"$(inherited)",
					../../../EstimoteSDK,
				);
				INFOPLIST_FILE = GPIO/Info.plist;
				LD_RUNPATH_SEARCH_PATHS = "$(inherited) @executable_path/Frameworks";
				PRODUCT_BUNDLE_IDENTIFIER = me.GPIO;
				PRODUCT_NAME = "$(TARGET_NAME)";
				SWIFT_OBJC_BRIDGING_HEADER = "${PROJECT_NAME}/ObjCBridge.h";
				SWIFT_VERSION = 3.0;
			};
			name = Debug;
		};
		716690BA1EDEB2350068A029 /* Release */ = {
			isa = XCBuildConfiguration;
			buildSettings = {
				ASSETCATALOG_COMPILER_APPICON_NAME = AppIcon;
				DEVELOPMENT_TEAM = "";
				FRAMEWORK_SEARCH_PATHS = (
					"$(inherited)",
					../../../EstimoteSDK,
				);
				INFOPLIST_FILE = GPIO/Info.plist;
				LD_RUNPATH_SEARCH_PATHS = "$(inherited) @executable_path/Frameworks";
				PRODUCT_BUNDLE_IDENTIFIER = me.GPIO;
				PRODUCT_NAME = "$(TARGET_NAME)";
				SWIFT_OBJC_BRIDGING_HEADER = "${PROJECT_NAME}/ObjCBridge.h";
				SWIFT_VERSION = 3.0;
			};
			name = Release;
		};
/* End XCBuildConfiguration section */

/* Begin XCConfigurationList section */
		716690A11EDEB2350068A029 /* Build configuration list for PBXProject "GPIO" */ = {
			isa = XCConfigurationList;
			buildConfigurations = (
				716690B61EDEB2350068A029 /* Debug */,
				716690B71EDEB2350068A029 /* Release */,
			);
			defaultConfigurationIsVisible = 0;
			defaultConfigurationName = Release;
		};
		716690B81EDEB2350068A029 /* Build configuration list for PBXNativeTarget "GPIO" */ = {
			isa = XCConfigurationList;
			buildConfigurations = (
				716690B91EDEB2350068A029 /* Debug */,
				716690BA1EDEB2350068A029 /* Release */,
			);
			defaultConfigurationIsVisible = 0;
			defaultConfigurationName = Release;
		};
/* End XCConfigurationList section */
	};
	rootObject = 7166909E1EDEB2350068A029 /* Project object */;
}
