// !$*UTF8*$!
{
	archiveVersion = 1;
	classes = {
	};
	objectVersion = 46;
	objects = {

/* Begin PBXBuildFile section */
		AEA45E101C6179FD00EECC59 /* AppDelegate.swift in Sources */ = {isa = PBXBuildFile; fileRef = AEA45E0F1C6179FD00EECC59 /* AppDelegate.swift */; };
		AEA45E121C6179FD00EECC59 /* ViewController.swift in Sources */ = {isa = PBXBuildFile; fileRef = AEA45E111C6179FD00EECC59 /* ViewController.swift */; };
		AEA45E151C6179FD00EECC59 /* Main.storyboard in Resources */ = {isa = PBXBuildFile; fileRef = AEA45E131C6179FD00EECC59 /* Main.storyboard */; };
		AEA45E171C6179FD00EECC59 /* Assets.xcassets in Resources */ = {isa = PBXBuildFile; fileRef = AEA45E161C6179FD00EECC59 /* Assets.xcassets */; };
		AEA45E1A1C6179FD00EECC59 /* LaunchScreen.storyboard in Resources */ = {isa = PBXBuildFile; fileRef = AEA45E181C6179FD00EECC59 /* LaunchScreen.storyboard */; };
		AEA45E221C617A3300EECC59 /* EstimoteSDK.framework in Frameworks */ = {isa = PBXBuildFile; fileRef = AEA45E211C617A3300EECC59 /* EstimoteSDK.framework */; };
		AEC0A93E1C89B3D300F88936 /* MajorMinorID.swift in Sources */ = {isa = PBXBuildFile; fileRef = AEC0A93D1C89B3D300F88936 /* MajorMinorID.swift */; };
		AEC0A9401C89BEC100F88936 /* MajorMonitor.swift in Sources */ = {isa = PBXBuildFile; fileRef = AEC0A93F1C89BEC100F88936 /* MajorMonitor.swift */; };
		AEC0A9421C89C54800F88936 /* CLProximityExtension.swift in Sources */ = {isa = PBXBuildFile; fileRef = AEC0A9411C89C54800F88936 /* CLProximityExtension.swift */; };
/* End PBXBuildFile section */

/* Begin PBXFileReference section */
		AEA45E0C1C6179FD00EECC59 /* Scanner.app */ = {isa = PBXFileReference; explicitFileType = wrapper.application; includeInIndex = 0; path = Scanner.app; sourceTree = BUILT_PRODUCTS_DIR; };
		AEA45E0F1C6179FD00EECC59 /* AppDelegate.swift */ = {isa = PBXFileReference; lastKnownFileType = sourcecode.swift; path = AppDelegate.swift; sourceTree = "<group>"; };
		AEA45E111C6179FD00EECC59 /* ViewController.swift */ = {isa = PBXFileReference; lastKnownFileType = sourcecode.swift; path = ViewController.swift; sourceTree = "<group>"; };
		AEA45E141C6179FD00EECC59 /* Base */ = {isa = PBXFileReference; lastKnownFileType = file.storyboard; name = Base; path = Base.lproj/Main.storyboard; sourceTree = "<group>"; };
		AEA45E161C6179FD00EECC59 /* Assets.xcassets */ = {isa = PBXFileReference; lastKnownFileType = folder.assetcatalog; path = Assets.xcassets; sourceTree = "<group>"; };
		AEA45E191C6179FD00EECC59 /* Base */ = {isa = PBXFileReference; lastKnownFileType = file.storyboard; name = Base; path = Base.lproj/LaunchScreen.storyboard; sourceTree = "<group>"; };
		AEA45E1B1C6179FD00EECC59 /* Info.plist */ = {isa = PBXFileReference; lastKnownFileType = text.plist.xml; path = Info.plist; sourceTree = "<group>"; };
		AEA45E211C617A3300EECC59 /* EstimoteSDK.framework */ = {isa = PBXFileReference; lastKnownFileType = wrapper.framework; name = EstimoteSDK.framework; path = ../../../../../../EstimoteSDK/EstimoteSDK.framework; sourceTree = "<group>"; };
		AEA45E231C617A5600EECC59 /* ObjCBridge.h */ = {isa = PBXFileReference; lastKnownFileType = sourcecode.c.h; path = ObjCBridge.h; sourceTree = "<group>"; };
		AEC0A93D1C89B3D300F88936 /* MajorMinorID.swift */ = {isa = PBXFileReference; fileEncoding = 4; lastKnownFileType = sourcecode.swift; path = MajorMinorID.swift; sourceTree = "<group>"; };
		AEC0A93F1C89BEC100F88936 /* MajorMonitor.swift */ = {isa = PBXFileReference; fileEncoding = 4; lastKnownFileType = sourcecode.swift; path = MajorMonitor.swift; sourceTree = "<group>"; };
		AEC0A9411C89C54800F88936 /* CLProximityExtension.swift */ = {isa = PBXFileReference; fileEncoding = 4; lastKnownFileType = sourcecode.swift; path = CLProximityExtension.swift; sourceTree = "<group>"; };
/* End PBXFileReference section */

/* Begin PBXFrameworksBuildPhase section */
		AEA45E091C6179FD00EECC59 /* Frameworks */ = {
			isa = PBXFrameworksBuildPhase;
			buildActionMask = 2147483647;
			files = (
				AEA45E221C617A3300EECC59 /* EstimoteSDK.framework in Frameworks */,
			);
			runOnlyForDeploymentPostprocessing = 0;
		};
/* End PBXFrameworksBuildPhase section */

/* Begin PBXGroup section */
		AEA45E031C6179FD00EECC59 = {
			isa = PBXGroup;
			children = (
				AEA45E0E1C6179FD00EECC59 /* Scanner */,
				AEA45E0D1C6179FD00EECC59 /* Products */,
			);
			sourceTree = "<group>";
		};
		AEA45E0D1C6179FD00EECC59 /* Products */ = {
			isa = PBXGroup;
			children = (
				AEA45E0C1C6179FD00EECC59 /* Scanner.app */,
			);
			name = Products;
			sourceTree = "<group>";
		};
		AEA45E0E1C6179FD00EECC59 /* Scanner */ = {
			isa = PBXGroup;
			children = (
				AEA45E0F1C6179FD00EECC59 /* AppDelegate.swift */,
				AEA45E111C6179FD00EECC59 /* ViewController.swift */,
				AEA45E131C6179FD00EECC59 /* Main.storyboard */,
				AEA45E161C6179FD00EECC59 /* Assets.xcassets */,
				AEA45E181C6179FD00EECC59 /* LaunchScreen.storyboard */,
				AEA45E1B1C6179FD00EECC59 /* Info.plist */,
				AEA45E231C617A5600EECC59 /* ObjCBridge.h */,
				AEC0A93C1C89A26000F88936 /* Estimote */,
			);
			path = Scanner;
			sourceTree = "<group>";
		};
		AEC0A93C1C89A26000F88936 /* Estimote */ = {
			isa = PBXGroup;
			children = (
				AEA45E211C617A3300EECC59 /* EstimoteSDK.framework */,
				AEC0A93D1C89B3D300F88936 /* MajorMinorID.swift */,
				AEC0A93F1C89BEC100F88936 /* MajorMonitor.swift */,
				AEC0A9411C89C54800F88936 /* CLProximityExtension.swift */,
			);
			path = Estimote;
			sourceTree = "<group>";
		};
/* End PBXGroup section */

/* Begin PBXNativeTarget section */
		AEA45E0B1C6179FD00EECC59 /* Scanner */ = {
			isa = PBXNativeTarget;
			buildConfigurationList = AEA45E1E1C6179FD00EECC59 /* Build configuration list for PBXNativeTarget "Scanner" */;
			buildPhases = (
				AEC0A9431C89CB5800F88936 /* Check TODOs */,
				AEA45E081C6179FD00EECC59 /* Sources */,
				AEA45E091C6179FD00EECC59 /* Frameworks */,
				AEA45E0A1C6179FD00EECC59 /* Resources */,
			);
			buildRules = (
			);
			dependencies = (
			);
			name = Scanner;
			productName = Scanner;
			productReference = AEA45E0C1C6179FD00EECC59 /* Scanner.app */;
			productType = "com.apple.product-type.application";
		};
/* End PBXNativeTarget section */

/* Begin PBXProject section */
		AEA45E041C6179FD00EECC59 /* Project object */ = {
			isa = PBXProject;
			attributes = {
				LastSwiftUpdateCheck = 0720;
				LastUpgradeCheck = 0720;
				ORGANIZATIONNAME = "Piotr Krawiec";
				TargetAttributes = {
					AEA45E0B1C6179FD00EECC59 = {
						CreatedOnToolsVersion = 7.2;
					};
				};
			};
			buildConfigurationList = AEA45E071C6179FD00EECC59 /* Build configuration list for PBXProject "Scanner" */;
			compatibilityVersion = "Xcode 3.2";
			developmentRegion = English;
			hasScannedForEncodings = 0;
			knownRegions = (
				en,
				Base,
			);
			mainGroup = AEA45E031C6179FD00EECC59;
			productRefGroup = AEA45E0D1C6179FD00EECC59 /* Products */;
			projectDirPath = "";
			projectRoot = "";
			targets = (
				AEA45E0B1C6179FD00EECC59 /* Scanner */,
			);
		};
/* End PBXProject section */

/* Begin PBXResourcesBuildPhase section */
		AEA45E0A1C6179FD00EECC59 /* Resources */ = {
			isa = PBXResourcesBuildPhase;
			buildActionMask = 2147483647;
			files = (
				AEA45E1A1C6179FD00EECC59 /* LaunchScreen.storyboard in Resources */,
				AEA45E171C6179FD00EECC59 /* Assets.xcassets in Resources */,
				AEA45E151C6179FD00EECC59 /* Main.storyboard in Resources */,
			);
			runOnlyForDeploymentPostprocessing = 0;
		};
/* End PBXResourcesBuildPhase section */

/* Begin PBXShellScriptBuildPhase section */
		AEC0A9431C89CB5800F88936 /* Check TODOs */ = {
			isa = PBXShellScriptBuildPhase;
			buildActionMask = 2147483647;
			files = (
			);
			inputPaths = (
			);
			name = "Check TODOs";
			outputPaths = (
			);
			runOnlyForDeploymentPostprocessing = 0;
			shellPath = /bin/sh;
			shellScript = "tags=\"TODO:\"\nmatches=`find \"${SRCROOT}\" \\( -name \"*.swift\" \\) -print0 | xargs -0 egrep --with-filename --line-number --only-matching \"($tags).*\\$\"`\necho \"$matches\" | perl -p -e \"s/($tags)/ error: \\$1/\"\n[ -z \"$matches\" ] || exit 1";
		};
/* End PBXShellScriptBuildPhase section */

/* Begin PBXSourcesBuildPhase section */
		AEA45E081C6179FD00EECC59 /* Sources */ = {
			isa = PBXSourcesBuildPhase;
			buildActionMask = 2147483647;
			files = (
				AEC0A93E1C89B3D300F88936 /* MajorMinorID.swift in Sources */,
				AEA45E121C6179FD00EECC59 /* ViewController.swift in Sources */,
				AEC0A9401C89BEC100F88936 /* MajorMonitor.swift in Sources */,
				AEC0A9421C89C54800F88936 /* CLProximityExtension.swift in Sources */,
				AEA45E101C6179FD00EECC59 /* AppDelegate.swift in Sources */,
			);
			runOnlyForDeploymentPostprocessing = 0;
		};
/* End PBXSourcesBuildPhase section */

/* Begin PBXVariantGroup section */
		AEA45E131C6179FD00EECC59 /* Main.storyboard */ = {
			isa = PBXVariantGroup;
			children = (
				AEA45E141C6179FD00EECC59 /* Base */,
			);
			name = Main.storyboard;
			sourceTree = "<group>";
		};
		AEA45E181C6179FD00EECC59 /* LaunchScreen.storyboard */ = {
			isa = PBXVariantGroup;
			children = (
				AEA45E191C6179FD00EECC59 /* Base */,
			);
			name = LaunchScreen.storyboard;
			sourceTree = "<group>";
		};
/* End PBXVariantGroup section */

/* Begin XCBuildConfiguration section */
		AEA45E1C1C6179FD00EECC59 /* Debug */ = {
			isa = XCBuildConfiguration;
			buildSettings = {
				ALWAYS_SEARCH_USER_PATHS = NO;
				CLANG_CXX_LANGUAGE_STANDARD = "gnu++0x";
				CLANG_CXX_LIBRARY = "libc++";
				CLANG_ENABLE_MODULES = YES;
				CLANG_ENABLE_OBJC_ARC = YES;
				CLANG_WARN_BOOL_CONVERSION = YES;
				CLANG_WARN_CONSTANT_CONVERSION = YES;
				CLANG_WARN_DIRECT_OBJC_ISA_USAGE = YES_ERROR;
				CLANG_WARN_EMPTY_BODY = YES;
				CLANG_WARN_ENUM_CONVERSION = YES;
				CLANG_WARN_INT_CONVERSION = YES;
				CLANG_WARN_OBJC_ROOT_CLASS = YES_ERROR;
				CLANG_WARN_UNREACHABLE_CODE = YES;
				CLANG_WARN__DUPLICATE_METHOD_MATCH = YES;
				"CODE_SIGN_IDENTITY[sdk=iphoneos*]" = "iPhone Developer";
				COPY_PHASE_STRIP = NO;
				DEBUG_INFORMATION_FORMAT = dwarf;
				ENABLE_STRICT_OBJC_MSGSEND = YES;
				ENABLE_TESTABILITY = YES;
				GCC_C_LANGUAGE_STANDARD = gnu99;
				GCC_DYNAMIC_NO_PIC = NO;
				GCC_NO_COMMON_BLOCKS = YES;
				GCC_OPTIMIZATION_LEVEL = 0;
				GCC_PREPROCESSOR_DEFINITIONS = (
					"DEBUG=1",
					"$(inherited)",
				);
				GCC_WARN_64_TO_32_BIT_CONVERSION = YES;
				GCC_WARN_ABOUT_RETURN_TYPE = YES_ERROR;
				GCC_WARN_UNDECLARED_SELECTOR = YES;
				GCC_WARN_UNINITIALIZED_AUTOS = YES_AGGRESSIVE;
				GCC_WARN_UNUSED_FUNCTION = YES;
				GCC_WARN_UNUSED_VARIABLE = YES;
				IPHONEOS_DEPLOYMENT_TARGET = 8.0;
				MTL_ENABLE_DEBUG_INFO = YES;
				ONLY_ACTIVE_ARCH = YES;
				SDKROOT = iphoneos;
				SWIFT_OPTIMIZATION_LEVEL = "-Onone";
				TARGETED_DEVICE_FAMILY = "1,2";
			};
			name = Debug;
		};
		AEA45E1D1C6179FD00EECC59 /* Release */ = {
			isa = XCBuildConfiguration;
			buildSettings = {
				ALWAYS_SEARCH_USER_PATHS = NO;
				CLANG_CXX_LANGUAGE_STANDARD = "gnu++0x";
				CLANG_CXX_LIBRARY = "libc++";
				CLANG_ENABLE_MODULES = YES;
				CLANG_ENABLE_OBJC_ARC = YES;
				CLANG_WARN_BOOL_CONVERSION = YES;
				CLANG_WARN_CONSTANT_CONVERSION = YES;
				CLANG_WARN_DIRECT_OBJC_ISA_USAGE = YES_ERROR;
				CLANG_WARN_EMPTY_BODY = YES;
				CLANG_WARN_ENUM_CONVERSION = YES;
				CLANG_WARN_INT_CONVERSION = YES;
				CLANG_WARN_OBJC_ROOT_CLASS = YES_ERROR;
				CLANG_WARN_UNREACHABLE_CODE = YES;
				CLANG_WARN__DUPLICATE_METHOD_MATCH = YES;
				"CODE_SIGN_IDENTITY[sdk=iphoneos*]" = "iPhone Developer";
				COPY_PHASE_STRIP = NO;
				DEBUG_INFORMATION_FORMAT = "dwarf-with-dsym";
				ENABLE_NS_ASSERTIONS = NO;
				ENABLE_STRICT_OBJC_MSGSEND = YES;
				GCC_C_LANGUAGE_STANDARD = gnu99;
				GCC_NO_COMMON_BLOCKS = YES;
				GCC_WARN_64_TO_32_BIT_CONVERSION = YES;
				GCC_WARN_ABOUT_RETURN_TYPE = YES_ERROR;
				GCC_WARN_UNDECLARED_SELECTOR = YES;
				GCC_WARN_UNINITIALIZED_AUTOS = YES_AGGRESSIVE;
				GCC_WARN_UNUSED_FUNCTION = YES;
				GCC_WARN_UNUSED_VARIABLE = YES;
				IPHONEOS_DEPLOYMENT_TARGET = 8.0;
				MTL_ENABLE_DEBUG_INFO = NO;
				SDKROOT = iphoneos;
				TARGETED_DEVICE_FAMILY = "1,2";
				VALIDATE_PRODUCT = YES;
			};
			name = Release;
		};
		AEA45E1F1C6179FD00EECC59 /* Debug */ = {
			isa = XCBuildConfiguration;
			buildSettings = {
				ASSETCATALOG_COMPILER_APPICON_NAME = AppIcon;
				FRAMEWORK_SEARCH_PATHS = (
					"$(inherited)",
					"$(PROJECT_DIR)/../../../../EstimoteSDK",
				);
				INFOPLIST_FILE = Scanner/Info.plist;
				LD_RUNPATH_SEARCH_PATHS = "$(inherited) @executable_path/Frameworks";
				PRODUCT_BUNDLE_IDENTIFIER = com.estimote.Scanner;
				PRODUCT_NAME = Scanner;
				SWIFT_OBJC_BRIDGING_HEADER = Scanner/ObjCBridge.h;
			};
			name = Debug;
		};
		AEA45E201C6179FD00EECC59 /* Release */ = {
			isa = XCBuildConfiguration;
			buildSettings = {
				ASSETCATALOG_COMPILER_APPICON_NAME = AppIcon;
				FRAMEWORK_SEARCH_PATHS = (
					"$(inherited)",
					"$(PROJECT_DIR)/Scanner/Estimote",
				);
				INFOPLIST_FILE = Scanner/Info.plist;
				LD_RUNPATH_SEARCH_PATHS = "$(inherited) @executable_path/Frameworks";
				PRODUCT_BUNDLE_IDENTIFIER = com.estimote.Scanner;
				PRODUCT_NAME = Scanner;
				SWIFT_OBJC_BRIDGING_HEADER = Scanner/ObjCBridge.h;
			};
			name = Release;
		};
/* End XCBuildConfiguration section */

/* Begin XCConfigurationList section */
		AEA45E071C6179FD00EECC59 /* Build configuration list for PBXProject "Scanner" */ = {
			isa = XCConfigurationList;
			buildConfigurations = (
				AEA45E1C1C6179FD00EECC59 /* Debug */,
				AEA45E1D1C6179FD00EECC59 /* Release */,
			);
			defaultConfigurationIsVisible = 0;
			defaultConfigurationName = Release;
		};
		AEA45E1E1C6179FD00EECC59 /* Build configuration list for PBXNativeTarget "Scanner" */ = {
			isa = XCConfigurationList;
			buildConfigurations = (
				AEA45E1F1C6179FD00EECC59 /* Debug */,
				AEA45E201C6179FD00EECC59 /* Release */,
			);
			defaultConfigurationIsVisible = 0;
			defaultConfigurationName = Release;
		};
/* End XCConfigurationList section */
	};
	rootObject = AEA45E041C6179FD00EECC59 /* Project object */;
}
